
Microsoft Visual Studio Solution File, Format Version 12.00
# Visual Studio Version 17
VisualStudioVersion = 17.1.32421.90
MinimumVisualStudioVersion = 10.0.40219.1
Project("{9A19103F-16F7-4668-BE54-9A1E7A4F7556}") = "ProGearAPI", "ProGearAPI.csproj", "{960C44F7-878D-40AB-BF30-832322B174AF}"
EndProject
Project("{FAE04EC0-301F-11D3-BF4B-00C04F79EFBC}") = "ProGearAPI.Test", "..\ProGearAPI\ProGearAPI.Test\ProGearAPI.Test.csproj", "{E9EEB045-F14A-481A-A2D5-C04131917E7F}"
EndProject
Global
	GlobalSection(SolutionConfigurationPlatforms) = preSolution
		Debug|Any CPU = Debug|Any CPU
		Release|Any CPU = Release|Any CPU
	EndGlobalSection
	GlobalSection(ProjectConfigurationPlatforms) = postSolution
		{960C44F7-878D-40AB-BF30-832322B174AF}.Debug|Any CPU.ActiveCfg = Debug|Any CPU
		{960C44F7-878D-40AB-BF30-832322B174AF}.Debug|Any CPU.Build.0 = Debug|Any CPU
		{960C44F7-878D-40AB-BF30-832322B174AF}.Release|Any CPU.ActiveCfg = Release|Any CPU
		{960C44F7-878D-40AB-BF30-832322B174AF}.Release|Any CPU.Build.0 = Release|Any CPU
		{E9EEB045-F14A-481A-A2D5-C04131917E7F}.Debug|Any CPU.ActiveCfg = Debug|Any CPU
		{E9EEB045-F14A-481A-A2D5-C04131917E7F}.Debug|Any CPU.Build.0 = Debug|Any CPU
		{E9EEB045-F14A-481A-A2D5-C04131917E7F}.Release|Any CPU.ActiveCfg = Release|Any CPU
		{E9EEB045-F14A-481A-A2D5-C04131917E7F}.Release|Any CPU.Build.0 = Release|Any CPU
	EndGlobalSection
	GlobalSection(SolutionProperties) = preSolution
		HideSolutionNode = FALSE
	EndGlobalSection
	GlobalSection(ExtensibilityGlobals) = postSolution
		SolutionGuid = {18BB61E7-06FA-4FB0-A507-7E03BB400534}
	EndGlobalSection
EndGlobal
